// !$*UTF8*$!
{
	archiveVersion = 1;
	classes = {
	};
	objectVersion = 77;
	objects = {

/* Begin PBXBuildFile section */
		1BC244852EC3CCB50062CB58 /* ChildProfilesCollectionViewController.xib in Resources */ = {isa = PBXBuildFile; fileRef = 1BC244842EC3CCB50062CB58 /* ChildProfilesCollectionViewController.xib */; };
		1BC244862EC3CCB50062CB58 /* ChildProfilesCollectionViewController.swift in Sources */ = {isa = PBXBuildFile; fileRef = 1BC244832EC3CCB50062CB58 /* ChildProfilesCollectionViewController.swift */; };
		1BC244892EC4391C0062CB58 /* ChildProfileCell.xib in Resources */ = {isa = PBXBuildFile; fileRef = 1BC244882EC4391C0062CB58 /* ChildProfileCell.xib */; };
		1BC2448A2EC4391C0062CB58 /* ChildProfileCell.swift in Sources */ = {isa = PBXBuildFile; fileRef = 1BC244872EC4391C0062CB58 /* ChildProfileCell.swift */; };
		1BC2448D2EC43FD40062CB58 /* AddChildProfileViewController.xib in Resources */ = {isa = PBXBuildFile; fileRef = 1BC2448C2EC43FD40062CB58 /* AddChildProfileViewController.xib */; };
		1BC2448E2EC43FD40062CB58 /* AddChildProfileViewController.swift in Sources */ = {isa = PBXBuildFile; fileRef = 1BC2448B2EC43FD40062CB58 /* AddChildProfileViewController.swift */; };
		1BC245402EC4FB130062CB58 /* ChildDetails.swift in Sources */ = {isa = PBXBuildFile; fileRef = 1BC2453F2EC4FB130062CB58 /* ChildDetails.swift */; };
/* End PBXBuildFile section */

/* Begin PBXContainerItemProxy section */
		1BB533352EBDEDAC0096BA8A /* PBXContainerItemProxy */ = {
			isa = PBXContainerItemProxy;
			containerPortal = 1BB533162EBDEDAB0096BA8A /* Project object */;
			proxyType = 1;
			remoteGlobalIDString = 1BB5331D2EBDEDAB0096BA8A;
			remoteInfo = TinyVitals;
		};
		1BB5333F2EBDEDAC0096BA8A /* PBXContainerItemProxy */ = {
			isa = PBXContainerItemProxy;
			containerPortal = 1BB533162EBDEDAB0096BA8A /* Project object */;
			proxyType = 1;
			remoteGlobalIDString = 1BB5331D2EBDEDAB0096BA8A;
			remoteInfo = TinyVitals;
		};
/* End PBXContainerItemProxy section */

/* Begin PBXFileReference section */
		1BB5331E2EBDEDAB0096BA8A /* TinyVitals.app */ = {isa = PBXFileReference; explicitFileType = wrapper.application; includeInIndex = 0; path = TinyVitals.app; sourceTree = BUILT_PRODUCTS_DIR; };
		1BB533342EBDEDAC0096BA8A /* TinyVitalsTests.xctest */ = {isa = PBXFileReference; explicitFileType = wrapper.cfbundle; includeInIndex = 0; path = TinyVitalsTests.xctest; sourceTree = BUILT_PRODUCTS_DIR; };
		1BB5333E2EBDEDAC0096BA8A /* TinyVitalsUITests.xctest */ = {isa = PBXFileReference; explicitFileType = wrapper.cfbundle; includeInIndex = 0; path = TinyVitalsUITests.xctest; sourceTree = BUILT_PRODUCTS_DIR; };
		1BC244832EC3CCB50062CB58 /* ChildProfilesCollectionViewController.swift */ = {isa = PBXFileReference; lastKnownFileType = sourcecode.swift; path = ChildProfilesCollectionViewController.swift; sourceTree = "<group>"; };
		1BC244842EC3CCB50062CB58 /* ChildProfilesCollectionViewController.xib */ = {isa = PBXFileReference; lastKnownFileType = file.xib; path = ChildProfilesCollectionViewController.xib; sourceTree = "<group>"; };
		1BC244872EC4391C0062CB58 /* ChildProfileCell.swift */ = {isa = PBXFileReference; lastKnownFileType = sourcecode.swift; path = ChildProfileCell.swift; sourceTree = "<group>"; };
		1BC244882EC4391C0062CB58 /* ChildProfileCell.xib */ = {isa = PBXFileReference; lastKnownFileType = file.xib; path = ChildProfileCell.xib; sourceTree = "<group>"; };
		1BC2448B2EC43FD40062CB58 /* AddChildProfileViewController.swift */ = {isa = PBXFileReference; lastKnownFileType = sourcecode.swift; path = AddChildProfileViewController.swift; sourceTree = "<group>"; };
		1BC2448C2EC43FD40062CB58 /* AddChildProfileViewController.xib */ = {isa = PBXFileReference; lastKnownFileType = file.xib; path = AddChildProfileViewController.xib; sourceTree = "<group>"; };
		1BC2453F2EC4FB130062CB58 /* ChildDetails.swift */ = {isa = PBXFileReference; lastKnownFileType = sourcecode.swift; path = ChildDetails.swift; sourceTree = "<group>"; };
/* End PBXFileReference section */

/* Begin PBXFileSystemSynchronizedBuildFileExceptionSet section */
		1BB533462EBDEDAC0096BA8A /* Exceptions for "TinyVitals" folder in "TinyVitals" target */ = {
			isa = PBXFileSystemSynchronizedBuildFileExceptionSet;
			membershipExceptions = (
				Info.plist,
			);
			target = 1BB5331D2EBDEDAB0096BA8A /* TinyVitals */;
		};
/* End PBXFileSystemSynchronizedBuildFileExceptionSet section */

/* Begin PBXFileSystemSynchronizedRootGroup section */
		1BB533202EBDEDAB0096BA8A /* TinyVitals */ = {
			isa = PBXFileSystemSynchronizedRootGroup;
			exceptions = (
				1BB533462EBDEDAC0096BA8A /* Exceptions for "TinyVitals" folder in "TinyVitals" target */,
			);
			path = TinyVitals;
			sourceTree = "<group>";
		};
		1BB533372EBDEDAC0096BA8A /* TinyVitalsTests */ = {
			isa = PBXFileSystemSynchronizedRootGroup;
			path = TinyVitalsTests;
			sourceTree = "<group>";
		};
		1BB533412EBDEDAC0096BA8A /* TinyVitalsUITests */ = {
			isa = PBXFileSystemSynchronizedRootGroup;
			path = TinyVitalsUITests;
			sourceTree = "<group>";
		};
/* End PBXFileSystemSynchronizedRootGroup section */

/* Begin PBXFrameworksBuildPhase section */
		1BB5331B2EBDEDAB0096BA8A /* Frameworks */ = {
			isa = PBXFrameworksBuildPhase;
			buildActionMask = 2147483647;
			files = (
			);
			runOnlyForDeploymentPostprocessing = 0;
		};
		1BB533312EBDEDAC0096BA8A /* Frameworks */ = {
			isa = PBXFrameworksBuildPhase;
			buildActionMask = 2147483647;
			files = (
			);
			runOnlyForDeploymentPostprocessing = 0;
		};
		1BB5333B2EBDEDAC0096BA8A /* Frameworks */ = {
			isa = PBXFrameworksBuildPhase;
			buildActionMask = 2147483647;
			files = (
			);
			runOnlyForDeploymentPostprocessing = 0;
		};
/* End PBXFrameworksBuildPhase section */

/* Begin PBXGroup section */
		1BB533152EBDEDAB0096BA8A = {
			isa = PBXGroup;
			children = (
				1BC2447F2EC3CC3E0062CB58 /* ChildProfileSelection */,
				1BB533202EBDEDAB0096BA8A /* TinyVitals */,
				1BB533372EBDEDAC0096BA8A /* TinyVitalsTests */,
				1BB533412EBDEDAC0096BA8A /* TinyVitalsUITests */,
				1BB5331F2EBDEDAB0096BA8A /* Products */,
			);
			sourceTree = "<group>";
		};
		1BB5331F2EBDEDAB0096BA8A /* Products */ = {
			isa = PBXGroup;
			children = (
				1BB5331E2EBDEDAB0096BA8A /* TinyVitals.app */,
				1BB533342EBDEDAC0096BA8A /* TinyVitalsTests.xctest */,
				1BB5333E2EBDEDAC0096BA8A /* TinyVitalsUITests.xctest */,
			);
			name = Products;
			sourceTree = "<group>";
		};
		1BC2447F2EC3CC3E0062CB58 /* ChildProfileSelection */ = {
			isa = PBXGroup;
			children = (
				1BC244822EC3CC690062CB58 /* controller */,
				1BC244812EC3CC650062CB58 /* view */,
				1BC244802EC3CC5F0062CB58 /* model */,
			);
			path = ChildProfileSelection;
			sourceTree = "<group>";
		};
		1BC244802EC3CC5F0062CB58 /* model */ = {
			isa = PBXGroup;
			children = (
				1BC2453F2EC4FB130062CB58 /* ChildDetails.swift */,
			);
			path = model;
			sourceTree = "<group>";
		};
		1BC244812EC3CC650062CB58 /* view */ = {
			isa = PBXGroup;
			children = (
				1BC2448C2EC43FD40062CB58 /* AddChildProfileViewController.xib */,
				1BC244882EC4391C0062CB58 /* ChildProfileCell.xib */,
				1BC244842EC3CCB50062CB58 /* ChildProfilesCollectionViewController.xib */,
			);
			path = view;
			sourceTree = "<group>";
		};
		1BC244822EC3CC690062CB58 /* controller */ = {
			isa = PBXGroup;
			children = (
				1BC244832EC3CCB50062CB58 /* ChildProfilesCollectionViewController.swift */,
				1BC244872EC4391C0062CB58 /* ChildProfileCell.swift */,
				1BC2448B2EC43FD40062CB58 /* AddChildProfileViewController.swift */,
			);
			path = controller;
			sourceTree = "<group>";
		};
/* End PBXGroup section */

/* Begin PBXNativeTarget section */
		1BB5331D2EBDEDAB0096BA8A /* TinyVitals */ = {
			isa = PBXNativeTarget;
			buildConfigurationList = 1BB533472EBDEDAC0096BA8A /* Build configuration list for PBXNativeTarget "TinyVitals" */;
			buildPhases = (
				1BB5331A2EBDEDAB0096BA8A /* Sources */,
				1BB5331B2EBDEDAB0096BA8A /* Frameworks */,
				1BB5331C2EBDEDAB0096BA8A /* Resources */,
			);
			buildRules = (
			);
			dependencies = (
			);
			fileSystemSynchronizedGroups = (
				1BB533202EBDEDAB0096BA8A /* TinyVitals */,
			);
			name = TinyVitals;
			packageProductDependencies = (
			);
			productName = TinyVitals;
			productReference = 1BB5331E2EBDEDAB0096BA8A /* TinyVitals.app */;
			productType = "com.apple.product-type.application";
		};
		1BB533332EBDEDAC0096BA8A /* TinyVitalsTests */ = {
			isa = PBXNativeTarget;
			buildConfigurationList = 1BB5334C2EBDEDAC0096BA8A /* Build configuration list for PBXNativeTarget "TinyVitalsTests" */;
			buildPhases = (
				1BB533302EBDEDAC0096BA8A /* Sources */,
				1BB533312EBDEDAC0096BA8A /* Frameworks */,
				1BB533322EBDEDAC0096BA8A /* Resources */,
			);
			buildRules = (
			);
			dependencies = (
				1BB533362EBDEDAC0096BA8A /* PBXTargetDependency */,
			);
			fileSystemSynchronizedGroups = (
				1BB533372EBDEDAC0096BA8A /* TinyVitalsTests */,
			);
			name = TinyVitalsTests;
			packageProductDependencies = (
			);
			productName = TinyVitalsTests;
			productReference = 1BB533342EBDEDAC0096BA8A /* TinyVitalsTests.xctest */;
			productType = "com.apple.product-type.bundle.unit-test";
		};
		1BB5333D2EBDEDAC0096BA8A /* TinyVitalsUITests */ = {
			isa = PBXNativeTarget;
			buildConfigurationList = 1BB5334F2EBDEDAC0096BA8A /* Build configuration list for PBXNativeTarget "TinyVitalsUITests" */;
			buildPhases = (
				1BB5333A2EBDEDAC0096BA8A /* Sources */,
				1BB5333B2EBDEDAC0096BA8A /* Frameworks */,
				1BB5333C2EBDEDAC0096BA8A /* Resources */,
			);
			buildRules = (
			);
			dependencies = (
				1BB533402EBDEDAC0096BA8A /* PBXTargetDependency */,
			);
			fileSystemSynchronizedGroups = (
				1BB533412EBDEDAC0096BA8A /* TinyVitalsUITests */,
			);
			name = TinyVitalsUITests;
			packageProductDependencies = (
			);
			productName = TinyVitalsUITests;
			productReference = 1BB5333E2EBDEDAC0096BA8A /* TinyVitalsUITests.xctest */;
			productType = "com.apple.product-type.bundle.ui-testing";
		};
/* End PBXNativeTarget section */

/* Begin PBXProject section */
		1BB533162EBDEDAB0096BA8A /* Project object */ = {
			isa = PBXProject;
			attributes = {
				BuildIndependentTargetsInParallel = 1;
				LastSwiftUpdateCheck = 1640;
				LastUpgradeCheck = 1640;
				TargetAttributes = {
					1BB5331D2EBDEDAB0096BA8A = {
						CreatedOnToolsVersion = 16.4;
					};
					1BB533332EBDEDAC0096BA8A = {
						CreatedOnToolsVersion = 16.4;
						TestTargetID = 1BB5331D2EBDEDAB0096BA8A;
					};
					1BB5333D2EBDEDAC0096BA8A = {
						CreatedOnToolsVersion = 16.4;
						TestTargetID = 1BB5331D2EBDEDAB0096BA8A;
					};
				};
			};
			buildConfigurationList = 1BB533192EBDEDAB0096BA8A /* Build configuration list for PBXProject "TinyVitals" */;
			developmentRegion = en;
			hasScannedForEncodings = 0;
			knownRegions = (
				en,
				Base,
			);
			mainGroup = 1BB533152EBDEDAB0096BA8A;
			minimizedProjectReferenceProxies = 1;
			preferredProjectObjectVersion = 77;
			productRefGroup = 1BB5331F2EBDEDAB0096BA8A /* Products */;
			projectDirPath = "";
			projectRoot = "";
			targets = (
				1BB5331D2EBDEDAB0096BA8A /* TinyVitals */,
				1BB533332EBDEDAC0096BA8A /* TinyVitalsTests */,
				1BB5333D2EBDEDAC0096BA8A /* TinyVitalsUITests */,
			);
		};
/* End PBXProject section */

/* Begin PBXResourcesBuildPhase section */
		1BB5331C2EBDEDAB0096BA8A /* Resources */ = {
			isa = PBXResourcesBuildPhase;
			buildActionMask = 2147483647;
			files = (
				1BC244852EC3CCB50062CB58 /* ChildProfilesCollectionViewController.xib in Resources */,
				1BC2448D2EC43FD40062CB58 /* AddChildProfileViewController.xib in Resources */,
				1BC244892EC4391C0062CB58 /* ChildProfileCell.xib in Resources */,
			);
			runOnlyForDeploymentPostprocessing = 0;
		};
		1BB533322EBDEDAC0096BA8A /* Resources */ = {
			isa = PBXResourcesBuildPhase;
			buildActionMask = 2147483647;
			files = (
			);
			runOnlyForDeploymentPostprocessing = 0;
		};
		1BB5333C2EBDEDAC0096BA8A /* Resources */ = {
			isa = PBXResourcesBuildPhase;
			buildActionMask = 2147483647;
			files = (
			);
			runOnlyForDeploymentPostprocessing = 0;
		};
/* End PBXResourcesBuildPhase section */

/* Begin PBXSourcesBuildPhase section */
		1BB5331A2EBDEDAB0096BA8A /* Sources */ = {
			isa = PBXSourcesBuildPhase;
			buildActionMask = 2147483647;
			files = (
				1BC244862EC3CCB50062CB58 /* ChildProfilesCollectionViewController.swift in Sources */,
				1BC245402EC4FB130062CB58 /* ChildDetails.swift in Sources */,
				1BC2448A2EC4391C0062CB58 /* ChildProfileCell.swift in Sources */,
				1BC2448E2EC43FD40062CB58 /* AddChildProfileViewController.swift in Sources */,
			);
			runOnlyForDeploymentPostprocessing = 0;
		};
		1BB533302EBDEDAC0096BA8A /* Sources */ = {
			isa = PBXSourcesBuildPhase;
			buildActionMask = 2147483647;
			files = (
			);
			runOnlyForDeploymentPostprocessing = 0;
		};
		1BB5333A2EBDEDAC0096BA8A /* Sources */ = {
			isa = PBXSourcesBuildPhase;
			buildActionMask = 2147483647;
			files = (
			);
			runOnlyForDeploymentPostprocessing = 0;
		};
/* End PBXSourcesBuildPhase section */

/* Begin PBXTargetDependency section */
		1BB533362EBDEDAC0096BA8A /* PBXTargetDependency */ = {
			isa = PBXTargetDependency;
			target = 1BB5331D2EBDEDAB0096BA8A /* TinyVitals */;
			targetProxy = 1BB533352EBDEDAC0096BA8A /* PBXContainerItemProxy */;
		};
		1BB533402EBDEDAC0096BA8A /* PBXTargetDependency */ = {
			isa = PBXTargetDependency;
			target = 1BB5331D2EBDEDAB0096BA8A /* TinyVitals */;
			targetProxy = 1BB5333F2EBDEDAC0096BA8A /* PBXContainerItemProxy */;
		};
/* End PBXTargetDependency section */

/* Begin XCBuildConfiguration section */
		1BB533482EBDEDAC0096BA8A /* Debug */ = {
			isa = XCBuildConfiguration;
			buildSettings = {
				ASSETCATALOG_COMPILER_APPICON_NAME = AppIcon;
				ASSETCATALOG_COMPILER_GLOBAL_ACCENT_COLOR_NAME = AccentColor;
				CODE_SIGN_STYLE = Automatic;
				CURRENT_PROJECT_VERSION = 1;
				GENERATE_INFOPLIST_FILE = YES;
				INFOPLIST_FILE = TinyVitals/Info.plist;
				INFOPLIST_KEY_UIApplicationSupportsIndirectInputEvents = YES;
				INFOPLIST_KEY_UILaunchStoryboardName = LaunchScreen;
				INFOPLIST_KEY_UIMainStoryboardFile = Main;
				INFOPLIST_KEY_UISupportedInterfaceOrientations_iPad = "UIInterfaceOrientationPortrait UIInterfaceOrientationPortraitUpsideDown UIInterfaceOrientationLandscapeLeft UIInterfaceOrientationLandscapeRight";
				INFOPLIST_KEY_UISupportedInterfaceOrientations_iPhone = "UIInterfaceOrientationPortrait UIInterfaceOrientationLandscapeLeft UIInterfaceOrientationLandscapeRight";
				LD_RUNPATH_SEARCH_PATHS = (
					"$(inherited)",
					"@executable_path/Frameworks",
				);
				MARKETING_VERSION = 1.0;
				PRODUCT_BUNDLE_IDENTIFIER = com.team15.TinyVitals.TinyVitals;
				PRODUCT_NAME = "$(TARGET_NAME)";
				SWIFT_EMIT_LOC_STRINGS = YES;
				SWIFT_VERSION = 5.0;
				TARGETED_DEVICE_FAMILY = "1,2";
			};
			name = Debug;
		};
		1BB533492EBDEDAC0096BA8A /* Release */ = {
			isa = XCBuildConfiguration;
			buildSettings = {
				ASSETCATALOG_COMPILER_APPICON_NAME = AppIcon;
				ASSETCATALOG_COMPILER_GLOBAL_ACCENT_COLOR_NAME = AccentColor;
				CODE_SIGN_STYLE = Automatic;
				CURRENT_PROJECT_VERSION = 1;
				GENERATE_INFOPLIST_FILE = YES;
				INFOPLIST_FILE = TinyVitals/Info.plist;
				INFOPLIST_KEY_UIApplicationSupportsIndirectInputEvents = YES;
				INFOPLIST_KEY_UILaunchStoryboardName = LaunchScreen;
				INFOPLIST_KEY_UIMainStoryboardFile = Main;
				INFOPLIST_KEY_UISupportedInterfaceOrientations_iPad = "UIInterfaceOrientationPortrait UIInterfaceOrientationPortraitUpsideDown UIInterfaceOrientationLandscapeLeft UIInterfaceOrientationLandscapeRight";
				INFOPLIST_KEY_UISupportedInterfaceOrientations_iPhone = "UIInterfaceOrientationPortrait UIInterfaceOrientationLandscapeLeft UIInterfaceOrientationLandscapeRight";
				LD_RUNPATH_SEARCH_PATHS = (
					"$(inherited)",
					"@executable_path/Frameworks",
				);
				MARKETING_VERSION = 1.0;
				PRODUCT_BUNDLE_IDENTIFIER = com.team15.TinyVitals.TinyVitals;
				PRODUCT_NAME = "$(TARGET_NAME)";
				SWIFT_EMIT_LOC_STRINGS = YES;
				SWIFT_VERSION = 5.0;
				TARGETED_DEVICE_FAMILY = "1,2";
			};
			name = Release;
		};
		1BB5334A2EBDEDAC0096BA8A /* Debug */ = {
			isa = XCBuildConfiguration;
			buildSettings = {
				ALWAYS_SEARCH_USER_PATHS = NO;
				ASSETCATALOG_COMPILER_GENERATE_SWIFT_ASSET_SYMBOL_EXTENSIONS = YES;
				CLANG_ANALYZER_NONNULL = YES;
				CLANG_ANALYZER_NUMBER_OBJECT_CONVERSION = YES_AGGRESSIVE;
				CLANG_CXX_LANGUAGE_STANDARD = "gnu++20";
				CLANG_ENABLE_MODULES = YES;
				CLANG_ENABLE_OBJC_ARC = YES;
				CLANG_ENABLE_OBJC_WEAK = YES;
				CLANG_WARN_BLOCK_CAPTURE_AUTORELEASING = YES;
				CLANG_WARN_BOOL_CONVERSION = YES;
				CLANG_WARN_COMMA = YES;
				CLANG_WARN_CONSTANT_CONVERSION = YES;
				CLANG_WARN_DEPRECATED_OBJC_IMPLEMENTATIONS = YES;
				CLANG_WARN_DIRECT_OBJC_ISA_USAGE = YES_ERROR;
				CLANG_WARN_DOCUMENTATION_COMMENTS = YES;
				CLANG_WARN_EMPTY_BODY = YES;
				CLANG_WARN_ENUM_CONVERSION = YES;
				CLANG_WARN_INFINITE_RECURSION = YES;
				CLANG_WARN_INT_CONVERSION = YES;
				CLANG_WARN_NON_LITERAL_NULL_CONVERSION = YES;
				CLANG_WARN_OBJC_IMPLICIT_RETAIN_SELF = YES;
				CLANG_WARN_OBJC_LITERAL_CONVERSION = YES;
				CLANG_WARN_OBJC_ROOT_CLASS = YES_ERROR;
				CLANG_WARN_QUOTED_INCLUDE_IN_FRAMEWORK_HEADER = YES;
				CLANG_WARN_RANGE_LOOP_ANALYSIS = YES;
				CLANG_WARN_STRICT_PROTOTYPES = YES;
				CLANG_WARN_SUSPICIOUS_MOVE = YES;
				CLANG_WARN_UNGUARDED_AVAILABILITY = YES_AGGRESSIVE;
				CLANG_WARN_UNREACHABLE_CODE = YES;
				CLANG_WARN__DUPLICATE_METHOD_MATCH = YES;
				COPY_PHASE_STRIP = NO;
				DEBUG_INFORMATION_FORMAT = dwarf;
				ENABLE_STRICT_OBJC_MSGSEND = YES;
				ENABLE_TESTABILITY = YES;
				ENABLE_USER_SCRIPT_SANDBOXING = YES;
				GCC_C_LANGUAGE_STANDARD = gnu17;
				GCC_DYNAMIC_NO_PIC = NO;
				GCC_NO_COMMON_BLOCKS = YES;
				GCC_OPTIMIZATION_LEVEL = 0;
				GCC_PREPROCESSOR_DEFINITIONS = (
					"DEBUG=1",
					"$(inherited)",
				);
				GCC_WARN_64_TO_32_BIT_CONVERSION = YES;
				GCC_WARN_ABOUT_RETURN_TYPE = YES_ERROR;
				GCC_WARN_UNDECLARED_SELECTOR = YES;
				GCC_WARN_UNINITIALIZED_AUTOS = YES_AGGRESSIVE;
				GCC_WARN_UNUSED_FUNCTION = YES;
				GCC_WARN_UNUSED_VARIABLE = YES;
				IPHONEOS_DEPLOYMENT_TARGET = 18.5;
				LOCALIZATION_PREFERS_STRING_CATALOGS = YES;
				MTL_ENABLE_DEBUG_INFO = INCLUDE_SOURCE;
				MTL_FAST_MATH = YES;
				ONLY_ACTIVE_ARCH = YES;
				SDKROOT = iphoneos;
				SWIFT_ACTIVE_COMPILATION_CONDITIONS = "DEBUG $(inherited)";
				SWIFT_OPTIMIZATION_LEVEL = "-Onone";
			};
			name = Debug;
		};
		1BB5334B2EBDEDAC0096BA8A /* Release */ = {
			isa = XCBuildConfiguration;
			buildSettings = {
				ALWAYS_SEARCH_USER_PATHS = NO;
				ASSETCATALOG_COMPILER_GENERATE_SWIFT_ASSET_SYMBOL_EXTENSIONS = YES;
				CLANG_ANALYZER_NONNULL = YES;
				CLANG_ANALYZER_NUMBER_OBJECT_CONVERSION = YES_AGGRESSIVE;
				CLANG_CXX_LANGUAGE_STANDARD = "gnu++20";
				CLANG_ENABLE_MODULES = YES;
				CLANG_ENABLE_OBJC_ARC = YES;
				CLANG_ENABLE_OBJC_WEAK = YES;
				CLANG_WARN_BLOCK_CAPTURE_AUTORELEASING = YES;
				CLANG_WARN_BOOL_CONVERSION = YES;
				CLANG_WARN_COMMA = YES;
				CLANG_WARN_CONSTANT_CONVERSION = YES;
				CLANG_WARN_DEPRECATED_OBJC_IMPLEMENTATIONS = YES;
				CLANG_WARN_DIRECT_OBJC_ISA_USAGE = YES_ERROR;
				CLANG_WARN_DOCUMENTATION_COMMENTS = YES;
				CLANG_WARN_EMPTY_BODY = YES;
				CLANG_WARN_ENUM_CONVERSION = YES;
				CLANG_WARN_INFINITE_RECURSION = YES;
				CLANG_WARN_INT_CONVERSION = YES;
				CLANG_WARN_NON_LITERAL_NULL_CONVERSION = YES;
				CLANG_WARN_OBJC_IMPLICIT_RETAIN_SELF = YES;
				CLANG_WARN_OBJC_LITERAL_CONVERSION = YES;
				CLANG_WARN_OBJC_ROOT_CLASS = YES_ERROR;
				CLANG_WARN_QUOTED_INCLUDE_IN_FRAMEWORK_HEADER = YES;
				CLANG_WARN_RANGE_LOOP_ANALYSIS = YES;
				CLANG_WARN_STRICT_PROTOTYPES = YES;
				CLANG_WARN_SUSPICIOUS_MOVE = YES;
				CLANG_WARN_UNGUARDED_AVAILABILITY = YES_AGGRESSIVE;
				CLANG_WARN_UNREACHABLE_CODE = YES;
				CLANG_WARN__DUPLICATE_METHOD_MATCH = YES;
				COPY_PHASE_STRIP = NO;
				DEBUG_INFORMATION_FORMAT = "dwarf-with-dsym";
				ENABLE_NS_ASSERTIONS = NO;
				ENABLE_STRICT_OBJC_MSGSEND = YES;
				ENABLE_USER_SCRIPT_SANDBOXING = YES;
				GCC_C_LANGUAGE_STANDARD = gnu17;
				GCC_NO_COMMON_BLOCKS = YES;
				GCC_WARN_64_TO_32_BIT_CONVERSION = YES;
				GCC_WARN_ABOUT_RETURN_TYPE = YES_ERROR;
				GCC_WARN_UNDECLARED_SELECTOR = YES;
				GCC_WARN_UNINITIALIZED_AUTOS = YES_AGGRESSIVE;
				GCC_WARN_UNUSED_FUNCTION = YES;
				GCC_WARN_UNUSED_VARIABLE = YES;
				IPHONEOS_DEPLOYMENT_TARGET = 18.5;
				LOCALIZATION_PREFERS_STRING_CATALOGS = YES;
				MTL_ENABLE_DEBUG_INFO = NO;
				MTL_FAST_MATH = YES;
				SDKROOT = iphoneos;
				SWIFT_COMPILATION_MODE = wholemodule;
				VALIDATE_PRODUCT = YES;
			};
			name = Release;
		};
		1BB5334D2EBDEDAC0096BA8A /* Debug */ = {
			isa = XCBuildConfiguration;
			buildSettings = {
				BUNDLE_LOADER = "$(TEST_HOST)";
				CODE_SIGN_STYLE = Automatic;
				CURRENT_PROJECT_VERSION = 1;
				GENERATE_INFOPLIST_FILE = YES;
				IPHONEOS_DEPLOYMENT_TARGET = 18.5;
				MARKETING_VERSION = 1.0;
				PRODUCT_BUNDLE_IDENTIFIER = com.team15.TinyVitals.TinyVitalsTests;
				PRODUCT_NAME = "$(TARGET_NAME)";
				SWIFT_EMIT_LOC_STRINGS = NO;
				SWIFT_VERSION = 5.0;
				TARGETED_DEVICE_FAMILY = "1,2";
				TEST_HOST = "$(BUILT_PRODUCTS_DIR)/TinyVitals.app/$(BUNDLE_EXECUTABLE_FOLDER_PATH)/TinyVitals";
			};
			name = Debug;
		};
		1BB5334E2EBDEDAC0096BA8A /* Release */ = {
			isa = XCBuildConfiguration;
			buildSettings = {
				BUNDLE_LOADER = "$(TEST_HOST)";
				CODE_SIGN_STYLE = Automatic;
				CURRENT_PROJECT_VERSION = 1;
				GENERATE_INFOPLIST_FILE = YES;
				IPHONEOS_DEPLOYMENT_TARGET = 18.5;
				MARKETING_VERSION = 1.0;
				PRODUCT_BUNDLE_IDENTIFIER = com.team15.TinyVitals.TinyVitalsTests;
				PRODUCT_NAME = "$(TARGET_NAME)";
				SWIFT_EMIT_LOC_STRINGS = NO;
				SWIFT_VERSION = 5.0;
				TARGETED_DEVICE_FAMILY = "1,2";
				TEST_HOST = "$(BUILT_PRODUCTS_DIR)/TinyVitals.app/$(BUNDLE_EXECUTABLE_FOLDER_PATH)/TinyVitals";
			};
			name = Release;
		};
		1BB533502EBDEDAC0096BA8A /* Debug */ = {
			isa = XCBuildConfiguration;
			buildSettings = {
				CODE_SIGN_STYLE = Automatic;
				CURRENT_PROJECT_VERSION = 1;
				GENERATE_INFOPLIST_FILE = YES;
				MARKETING_VERSION = 1.0;
				PRODUCT_BUNDLE_IDENTIFIER = com.team15.TinyVitals.TinyVitalsUITests;
				PRODUCT_NAME = "$(TARGET_NAME)";
				SWIFT_EMIT_LOC_STRINGS = NO;
				SWIFT_VERSION = 5.0;
				TARGETED_DEVICE_FAMILY = "1,2";
				TEST_TARGET_NAME = TinyVitals;
			};
			name = Debug;
		};
		1BB533512EBDEDAC0096BA8A /* Release */ = {
			isa = XCBuildConfiguration;
			buildSettings = {
				CODE_SIGN_STYLE = Automatic;
				CURRENT_PROJECT_VERSION = 1;
				GENERATE_INFOPLIST_FILE = YES;
				MARKETING_VERSION = 1.0;
				PRODUCT_BUNDLE_IDENTIFIER = com.team15.TinyVitals.TinyVitalsUITests;
				PRODUCT_NAME = "$(TARGET_NAME)";
				SWIFT_EMIT_LOC_STRINGS = NO;
				SWIFT_VERSION = 5.0;
				TARGETED_DEVICE_FAMILY = "1,2";
				TEST_TARGET_NAME = TinyVitals;
			};
			name = Release;
		};
/* End XCBuildConfiguration section */

/* Begin XCConfigurationList section */
		1BB533192EBDEDAB0096BA8A /* Build configuration list for PBXProject "TinyVitals" */ = {
			isa = XCConfigurationList;
			buildConfigurations = (
				1BB5334A2EBDEDAC0096BA8A /* Debug */,
				1BB5334B2EBDEDAC0096BA8A /* Release */,
			);
			defaultConfigurationIsVisible = 0;
			defaultConfigurationName = Release;
		};
		1BB533472EBDEDAC0096BA8A /* Build configuration list for PBXNativeTarget "TinyVitals" */ = {
			isa = XCConfigurationList;
			buildConfigurations = (
				1BB533482EBDEDAC0096BA8A /* Debug */,
				1BB533492EBDEDAC0096BA8A /* Release */,
			);
			defaultConfigurationIsVisible = 0;
			defaultConfigurationName = Release;
		};
		1BB5334C2EBDEDAC0096BA8A /* Build configuration list for PBXNativeTarget "TinyVitalsTests" */ = {
			isa = XCConfigurationList;
			buildConfigurations = (
				1BB5334D2EBDEDAC0096BA8A /* Debug */,
				1BB5334E2EBDEDAC0096BA8A /* Release */,
			);
			defaultConfigurationIsVisible = 0;
			defaultConfigurationName = Release;
		};
		1BB5334F2EBDEDAC0096BA8A /* Build configuration list for PBXNativeTarget "TinyVitalsUITests" */ = {
			isa = XCConfigurationList;
			buildConfigurations = (
				1BB533502EBDEDAC0096BA8A /* Debug */,
				1BB533512EBDEDAC0096BA8A /* Release */,
			);
			defaultConfigurationIsVisible = 0;
			defaultConfigurationName = Release;
		};
/* End XCConfigurationList section */
	};
	rootObject = 1BB533162EBDEDAB0096BA8A /* Project object */;
}
